[[package]]
category = "main"
description = "ASGI specs, helper code, and adapters"
name = "asgiref"
optional = false
python-versions = ">=3.5"
version = "3.3.1"

[package.extras]
tests = ["pytest", "pytest-asyncio"]

[[package]]
category = "main"
description = "Citations and bibliography formatter"
name = "citeproc-py"
optional = false
python-versions = "*"
version = "0.5.1"

[package.dependencies]
lxml = "*"

[[package]]
category = "main"
description = "CSL styles."
name = "citeproc-py-styles"
optional = false
python-versions = "*"
version = "0.1.2"

[package.dependencies]
lxml = ">=4.1.1"
six = ">=1.10.0"

[package.extras]
all = ["check-manifest (>=0.25)", "coverage (>=4.0)", "isort (>=4.2.2)", "pydocstyle (>=1.0.0)", "pytest-cov (>=1.8.0)", "pytest-pep8 (>=1.0.6)", "pytest (>=2.8.0)"]
tests = ["check-manifest (>=0.25)", "coverage (>=4.0)", "isort (>=4.2.2)", "pydocstyle (>=1.0.0)", "pytest-cov (>=1.8.0)", "pytest-pep8 (>=1.0.6)", "pytest (>=2.8.0)"]

[[package]]
category = "main"
description = "A high-level Python Web framework that encourages rapid development and clean, pragmatic design."
name = "django"
optional = false
python-versions = ">=3.6"
version = "3.1.4"

[package.dependencies]
asgiref = ">=3.2.10,<4"
pytz = "*"
sqlparse = ">=0.2.2"

[package.extras]
argon2 = ["argon2-cffi (>=16.1.0)"]
bcrypt = ["bcrypt"]

[[package]]
category = "main"
description = "A CV generator built for the Django web framework."
name = "django-vitae"
optional = false
python-versions = "*"
version = "0.1.0"

[package.dependencies]
citeproc-py = ">=0.4.0"
citeproc-py-styles = ">=0.1.1"
django = ">=1.11"
markdown = ">=2.6.11"
reportlab = ">=3.5.8,<4"

[[package]]
category = "main"
description = "Powerful and Pythonic XML processing library combining libxml2/libxslt with the ElementTree API."
name = "lxml"
optional = false
python-versions = ">=2.7, !=3.0.*, !=3.1.*, !=3.2.*, !=3.3.*, != 3.4.*"
version = "4.6.2"

[package.extras]
cssselect = ["cssselect (>=0.7)"]
html5 = ["html5lib"]
htmlsoup = ["beautifulsoup4"]
source = ["Cython (>=0.29.7)"]

[[package]]
category = "main"
description = "Python implementation of Markdown."
name = "markdown"
optional = false
python-versions = ">=3.6"
version = "3.3.3"

[package.extras]
testing = ["coverage", "pyyaml"]

[[package]]
category = "main"
description = "Wrapper package for OpenCV python bindings."
name = "opencv-python"
optional = false
python-versions = ">=3.6"
version = "4.4.0.46"

[[package]]
category = "main"
description = "Python Imaging Library (Fork)"
name = "pillow"
optional = false
python-versions = ">=3.6"
version = "8.0.1"

[[package]]
category = "main"
description = "World timezone definitions, modern and historical"
name = "pytz"
optional = false
python-versions = "*"
version = "2020.4"

[[package]]
category = "main"
description = "The Reportlab Toolkit"
name = "reportlab"
optional = false
python-versions = "*"
version = "3.5.56"

[package.dependencies]
pillow = ">=4.0.0"

[[package]]
category = "main"
description = "Python 2 and 3 compatibility utilities"
name = "six"
optional = false
python-versions = ">=2.7, !=3.0.*, !=3.1.*, !=3.2.*"
version = "1.15.0"

[[package]]
category = "main"
description = "A non-validating SQL parser."
name = "sqlparse"
optional = false
python-versions = ">=3.5"
version = "0.4.1"

[metadata]
content-hash = "c9792931333fb50daf7f9e4f27c13e75db23f2e2aaab7d0b958537d4b8c7661c"
python-versions = "^3.8"

[metadata.files]
asgiref = [
    {file = "asgiref-3.3.1-py3-none-any.whl", hash = "sha256:5ee950735509d04eb673bd7f7120f8fa1c9e2df495394992c73234d526907e17"},
    {file = "asgiref-3.3.1.tar.gz", hash = "sha256:7162a3cb30ab0609f1a4c95938fd73e8604f63bdba516a7f7d64b83ff09478f0"},
]
citeproc-py = [
    {file = "citeproc-py-0.5.1.tar.gz", hash = "sha256:c8a4f22442f2ea57bd88342bb51253f9bff0511109ff3695059278098a734a01"},
    {file = "citeproc_py-0.5.1-py2.py3-none-any.whl", hash = "sha256:388985d08fc47eadb6406e3e1b53576cb08b52aca86e5b41e3a95f6349d17094"},
]
citeproc-py-styles = [
    {file = "citeproc-py-styles-0.1.2.tar.gz", hash = "sha256:41107b2831f5490a13a95e8e2583101e0485968b2f6affb42d84e4e7e272dcf7"},
    {file = "citeproc_py_styles-0.1.2-py2.py3-none-any.whl", hash = "sha256:6c94a83b2d785345eff5471eafe4bcf794ee7fd5ba2921a9813b0814dfb62bf7"},
]
django = [
    {file = "Django-3.1.4-py3-none-any.whl", hash = "sha256:5c866205f15e7a7123f1eec6ab939d22d5bde1416635cab259684af66d8e48a2"},
    {file = "Django-3.1.4.tar.gz", hash = "sha256:edb10b5c45e7e9c0fb1dc00b76ec7449aca258a39ffd613dbd078c51d19c9f03"},
]
django-vitae = [
    {file = "django-vitae-0.1.0.tar.gz", hash = "sha256:afd3f506b246c3fd7feaaf1cb5223c24519125107c71930de28e4c953887612e"},
    {file = "django_vitae-0.1.0-py3-none-any.whl", hash = "sha256:f677e85172d1667e932d6eb7d31960fa6e3d43ceae675b8fd0d25eeab54573cf"},
]
lxml = [
    {file = "lxml-4.6.2-cp27-cp27m-macosx_10_9_x86_64.whl", hash = "sha256:a9d6bc8642e2c67db33f1247a77c53476f3a166e09067c0474facb045756087f"},
    {file = "lxml-4.6.2-cp27-cp27m-manylinux1_i686.whl", hash = "sha256:791394449e98243839fa822a637177dd42a95f4883ad3dec2a0ce6ac99fb0a9d"},
    {file = "lxml-4.6.2-cp27-cp27m-manylinux1_x86_64.whl", hash = "sha256:68a5d77e440df94011214b7db907ec8f19e439507a70c958f750c18d88f995d2"},
    {file = "lxml-4.6.2-cp27-cp27m-win32.whl", hash = "sha256:fc37870d6716b137e80d19241d0e2cff7a7643b925dfa49b4c8ebd1295eb506e"},
    {file = "lxml-4.6.2-cp27-cp27m-win_amd64.whl", hash = "sha256:69a63f83e88138ab7642d8f61418cf3180a4d8cd13995df87725cb8b893e950e"},
    {file = "lxml-4.6.2-cp27-cp27mu-manylinux1_i686.whl", hash = "sha256:42ebca24ba2a21065fb546f3e6bd0c58c3fe9ac298f3a320147029a4850f51a2"},
    {file = "lxml-4.6.2-cp27-cp27mu-manylinux1_x86_64.whl", hash = "sha256:f83d281bb2a6217cd806f4cf0ddded436790e66f393e124dfe9731f6b3fb9afe"},
    {file = "lxml-4.6.2-cp35-cp35m-manylinux1_i686.whl", hash = "sha256:535f067002b0fd1a4e5296a8f1bf88193080ff992a195e66964ef2a6cfec5388"},
    {file = "lxml-4.6.2-cp35-cp35m-manylinux1_x86_64.whl", hash = "sha256:366cb750140f221523fa062d641393092813b81e15d0e25d9f7c6025f910ee80"},
    {file = "lxml-4.6.2-cp35-cp35m-manylinux2014_aarch64.whl", hash = "sha256:97db258793d193c7b62d4e2586c6ed98d51086e93f9a3af2b2034af01450a74b"},
    {file = "lxml-4.6.2-cp35-cp35m-win32.whl", hash = "sha256:648914abafe67f11be7d93c1a546068f8eff3c5fa938e1f94509e4a5d682b2d8"},
    {file = "lxml-4.6.2-cp35-cp35m-win_amd64.whl", hash = "sha256:4e751e77006da34643ab782e4a5cc21ea7b755551db202bc4d3a423b307db780"},
    {file = "lxml-4.6.2-cp36-cp36m-macosx_10_9_x86_64.whl", hash = "sha256:681d75e1a38a69f1e64ab82fe4b1ed3fd758717bed735fb9aeaa124143f051af"},
    {file = "lxml-4.6.2-cp36-cp36m-manylinux1_i686.whl", hash = "sha256:127f76864468d6630e1b453d3ffbbd04b024c674f55cf0a30dc2595137892d37"},
    {file = "lxml-4.6.2-cp36-cp36m-manylinux1_x86_64.whl", hash = "sha256:4fb85c447e288df535b17ebdebf0ec1cf3a3f1a8eba7e79169f4f37af43c6b98"},
    {file = "lxml-4.6.2-cp36-cp36m-manylinux2014_aarch64.whl", hash = "sha256:5be4a2e212bb6aa045e37f7d48e3e1e4b6fd259882ed5a00786f82e8c37ce77d"},
    {file = "lxml-4.6.2-cp36-cp36m-win32.whl", hash = "sha256:8c88b599e226994ad4db29d93bc149aa1aff3dc3a4355dd5757569ba78632bdf"},
    {file = "lxml-4.6.2-cp36-cp36m-win_amd64.whl", hash = "sha256:6e4183800f16f3679076dfa8abf2db3083919d7e30764a069fb66b2b9eff9939"},
    {file = "lxml-4.6.2-cp37-cp37m-macosx_10_9_x86_64.whl", hash = "sha256:d8d3d4713f0c28bdc6c806a278d998546e8efc3498949e3ace6e117462ac0a5e"},
    {file = "lxml-4.6.2-cp37-cp37m-manylinux1_i686.whl", hash = "sha256:8246f30ca34dc712ab07e51dc34fea883c00b7ccb0e614651e49da2c49a30711"},
    {file = "lxml-4.6.2-cp37-cp37m-manylinux1_x86_64.whl", hash = "sha256:923963e989ffbceaa210ac37afc9b906acebe945d2723e9679b643513837b089"},
    {file = "lxml-4.6.2-cp37-cp37m-manylinux2014_aarch64.whl", hash = "sha256:1471cee35eba321827d7d53d104e7b8c593ea3ad376aa2df89533ce8e1b24a01"},
    {file = "lxml-4.6.2-cp37-cp37m-win32.whl", hash = "sha256:2363c35637d2d9d6f26f60a208819e7eafc4305ce39dc1d5005eccc4593331c2"},
    {file = "lxml-4.6.2-cp37-cp37m-win_amd64.whl", hash = "sha256:f4822c0660c3754f1a41a655e37cb4dbbc9be3d35b125a37fab6f82d47674ebc"},
    {file = "lxml-4.6.2-cp38-cp38-macosx_10_9_x86_64.whl", hash = "sha256:0448576c148c129594d890265b1a83b9cd76fd1f0a6a04620753d9a6bcfd0a4d"},
    {file = "lxml-4.6.2-cp38-cp38-manylinux1_i686.whl", hash = "sha256:60a20bfc3bd234d54d49c388950195d23a5583d4108e1a1d47c9eef8d8c042b3"},
    {file = "lxml-4.6.2-cp38-cp38-manylinux1_x86_64.whl", hash = "sha256:2e5cc908fe43fe1aa299e58046ad66981131a66aea3129aac7770c37f590a644"},
    {file = "lxml-4.6.2-cp38-cp38-manylinux2014_aarch64.whl", hash = "sha256:50c348995b47b5a4e330362cf39fc503b4a43b14a91c34c83b955e1805c8e308"},
    {file = "lxml-4.6.2-cp38-cp38-win32.whl", hash = "sha256:94d55bd03d8671686e3f012577d9caa5421a07286dd351dfef64791cf7c6c505"},
    {file = "lxml-4.6.2-cp38-cp38-win_amd64.whl", hash = "sha256:7a7669ff50f41225ca5d6ee0a1ec8413f3a0d8aa2b109f86d540887b7ec0d72a"},
    {file = "lxml-4.6.2-cp39-cp39-macosx_10_9_x86_64.whl", hash = "sha256:e0bfe9bb028974a481410432dbe1b182e8191d5d40382e5b8ff39cdd2e5c5931"},
    {file = "lxml-4.6.2-cp39-cp39-manylinux1_i686.whl", hash = "sha256:6fd8d5903c2e53f49e99359b063df27fdf7acb89a52b6a12494208bf61345a03"},
    {file = "lxml-4.6.2-cp39-cp39-manylinux1_x86_64.whl", hash = "sha256:7e9eac1e526386df7c70ef253b792a0a12dd86d833b1d329e038c7a235dfceb5"},
    {file = "lxml-4.6.2-cp39-cp39-manylinux2014_aarch64.whl", hash = "sha256:7ee8af0b9f7de635c61cdd5b8534b76c52cd03536f29f51151b377f76e214a1a"},
    {file = "lxml-4.6.2-cp39-cp39-win32.whl", hash = "sha256:2e6fd1b8acd005bd71e6c94f30c055594bbd0aa02ef51a22bbfa961ab63b2d75"},
    {file = "lxml-4.6.2-cp39-cp39-win_amd64.whl", hash = "sha256:535332fe9d00c3cd455bd3dd7d4bacab86e2d564bdf7606079160fa6251caacf"},
    {file = "lxml-4.6.2.tar.gz", hash = "sha256:cd11c7e8d21af997ee8079037fff88f16fda188a9776eb4b81c7e4c9c0a7d7fc"},
]
markdown = [
    {file = "Markdown-3.3.3-py3-none-any.whl", hash = "sha256:c109c15b7dc20a9ac454c9e6025927d44460b85bd039da028d85e2b6d0bcc328"},
    {file = "Markdown-3.3.3.tar.gz", hash = "sha256:5d9f2b5ca24bc4c7a390d22323ca4bad200368612b5aaa7796babf971d2b2f18"},
]
opencv-python = [
    {file = "opencv-python-4.4.0.46.tar.gz", hash = "sha256:d80db278a07f51811dbf0f9c31ff7cd5b2501822fb7a7587e71f9ff27d5c04bd"},
    {file = "opencv_python-4.4.0.46-cp36-cp36m-macosx_10_13_x86_64.whl", hash = "sha256:14df77490c8aedceae74e660564d48c04761658aecc93895ac5e974006a89606"},
    {file = "opencv_python-4.4.0.46-cp36-cp36m-manylinux2014_i686.whl", hash = "sha256:6b6d23de6d5ddc55e865ac8532bf8062b26ba70305fa1c87c671717027dcd370"},
    {file = "opencv_python-4.4.0.46-cp36-cp36m-manylinux2014_x86_64.whl", hash = "sha256:6b1d85cbb64ce20ac5f79ad8e3e76a3dbff53d258c65f2fc0b9411321147a0be"},
    {file = "opencv_python-4.4.0.46-cp36-cp36m-win32.whl", hash = "sha256:4af0053c6a70f127a52c26b112341826d3dbfce6955beb9044d3eabd7e14d1cd"},
    {file = "opencv_python-4.4.0.46-cp36-cp36m-win_amd64.whl", hash = "sha256:135e05b69ab9665cbe2589f56e60895219bc2443a632bdc4bde72fb95eda1582"},
    {file = "opencv_python-4.4.0.46-cp37-cp37m-macosx_10_13_x86_64.whl", hash = "sha256:51baebb0f8f3cae4cccd30daf018a5bb75cb759d5658aea29100d34cd5cac106"},
    {file = "opencv_python-4.4.0.46-cp37-cp37m-manylinux2014_i686.whl", hash = "sha256:9659e80059c9f39728c7dcc22032dff0d1d467f07b6cd8e036613393e4b7c71a"},
    {file = "opencv_python-4.4.0.46-cp37-cp37m-manylinux2014_x86_64.whl", hash = "sha256:f69a56e958ecb549ba84e0497a438080932b4d52ded441cec04d80afde71dc0a"},
    {file = "opencv_python-4.4.0.46-cp37-cp37m-win32.whl", hash = "sha256:68a9ec7e32f82cab267b6f757d9862a9a930371062739f9d00472e7c850c5854"},
    {file = "opencv_python-4.4.0.46-cp37-cp37m-win_amd64.whl", hash = "sha256:17581c68400f828700e5c6b3b082f50c781bf74cb9a7b972a04f05d26c8e894a"},
    {file = "opencv_python-4.4.0.46-cp38-cp38-macosx_10_13_x86_64.whl", hash = "sha256:db874c65654465ef71d6e8618bed8c725722bc90624132b9512bf061abb4eec0"},
    {file = "opencv_python-4.4.0.46-cp38-cp38-manylinux2014_i686.whl", hash = "sha256:8aeda9b2c37bf91fa88d67f09b85f2250661eec43d72184ec544783de204e96a"},
    {file = "opencv_python-4.4.0.46-cp38-cp38-manylinux2014_x86_64.whl", hash = "sha256:8a8ebd7ceebc0be9c14ca3e25a1c4ae086016b469848258e998247f2fc855314"},
    {file = "opencv_python-4.4.0.46-cp38-cp38-win32.whl", hash = "sha256:e4c072cf4260063ebadc70e34d622fa1127a88e364475ed757709e249ebe990f"},
    {file = "opencv_python-4.4.0.46-cp38-cp38-win_amd64.whl", hash = "sha256:6022609b67f9c0f14e6807e782660d1d1be94d4f0c7bc1794d7d8f600014acb2"},
    {file = "opencv_python-4.4.0.46-cp39-cp39-macosx_10_13_x86_64.whl", hash = "sha256:117dbb2fd184de28d831f14c1da17864efcee7bb7895e43adf40f5e1da9137fb"},
    {file = "opencv_python-4.4.0.46-cp39-cp39-manylinux2014_i686.whl", hash = "sha256:c1382209a771ca8a25fe89d4a2377875538c6ed3cf8745280e65636cbd0988f2"},
    {file = "opencv_python-4.4.0.46-cp39-cp39-manylinux2014_x86_64.whl", hash = "sha256:744e9ae2fb4c8574e6d4a762146b4d0984bdec60b98480fc54a363c03a07a1ac"},
    {file = "opencv_python-4.4.0.46-cp39-cp39-win32.whl", hash = "sha256:7fe81d08df4eb5dc4c6aa5f09888b6fd390fce5fa7d5624a98cac890b9aa6181"},
    {file = "opencv_python-4.4.0.46-cp39-cp39-win_amd64.whl", hash = "sha256:0548981fe189e0d57b9cc65066b66fd70d4bc84ea906f349a63d9098e1b911c6"},
]
pillow = [
    {file = "Pillow-8.0.1-cp36-cp36m-macosx_10_10_x86_64.whl", hash = "sha256:b63d4ff734263ae4ce6593798bcfee6dbfb00523c82753a3a03cbc05555a9cc3"},
    {file = "Pillow-8.0.1-cp36-cp36m-manylinux1_i686.whl", hash = "sha256:5f9403af9c790cc18411ea398a6950ee2def2a830ad0cfe6dc9122e6d528b302"},
    {file = "Pillow-8.0.1-cp36-cp36m-manylinux1_x86_64.whl", hash = "sha256:6b4a8fd632b4ebee28282a9fef4c341835a1aa8671e2770b6f89adc8e8c2703c"},
    {file = "Pillow-8.0.1-cp36-cp36m-manylinux2014_aarch64.whl", hash = "sha256:cc3ea6b23954da84dbee8025c616040d9aa5eaf34ea6895a0a762ee9d3e12e11"},
    {file = "Pillow-8.0.1-cp36-cp36m-win32.whl", hash = "sha256:d8a96747df78cda35980905bf26e72960cba6d355ace4780d4bdde3b217cdf1e"},
    {file = "Pillow-8.0.1-cp36-cp36m-win_amd64.whl", hash = "sha256:7ba0ba61252ab23052e642abdb17fd08fdcfdbbf3b74c969a30c58ac1ade7cd3"},
    {file = "Pillow-8.0.1-cp37-cp37m-macosx_10_10_x86_64.whl", hash = "sha256:795e91a60f291e75de2e20e6bdd67770f793c8605b553cb6e4387ce0cb302e09"},
    {file = "Pillow-8.0.1-cp37-cp37m-manylinux1_i686.whl", hash = "sha256:0a2e8d03787ec7ad71dc18aec9367c946ef8ef50e1e78c71f743bc3a770f9fae"},
    {file = "Pillow-8.0.1-cp37-cp37m-manylinux1_x86_64.whl", hash = "sha256:006de60d7580d81f4a1a7e9f0173dc90a932e3905cc4d47ea909bc946302311a"},
    {file = "Pillow-8.0.1-cp37-cp37m-manylinux2014_aarch64.whl", hash = "sha256:bd7bf289e05470b1bc74889d1466d9ad4a56d201f24397557b6f65c24a6844b8"},
    {file = "Pillow-8.0.1-cp37-cp37m-win32.whl", hash = "sha256:95edb1ed513e68bddc2aee3de66ceaf743590bf16c023fb9977adc4be15bd3f0"},
    {file = "Pillow-8.0.1-cp37-cp37m-win_amd64.whl", hash = "sha256:e38d58d9138ef972fceb7aeec4be02e3f01d383723965bfcef14d174c8ccd039"},
    {file = "Pillow-8.0.1-cp38-cp38-macosx_10_10_x86_64.whl", hash = "sha256:d3d07c86d4efa1facdf32aa878bd508c0dc4f87c48125cc16b937baa4e5b5e11"},
    {file = "Pillow-8.0.1-cp38-cp38-manylinux1_i686.whl", hash = "sha256:fbd922f702582cb0d71ef94442bfca57624352622d75e3be7a1e7e9360b07e72"},
    {file = "Pillow-8.0.1-cp38-cp38-manylinux1_x86_64.whl", hash = "sha256:92c882b70a40c79de9f5294dc99390671e07fc0b0113d472cbea3fde15db1792"},
    {file = "Pillow-8.0.1-cp38-cp38-manylinux2014_aarch64.whl", hash = "sha256:7c9401e68730d6c4245b8e361d3d13e1035cbc94db86b49dc7da8bec235d0015"},
    {file = "Pillow-8.0.1-cp38-cp38-win32.whl", hash = "sha256:6c1aca8231625115104a06e4389fcd9ec88f0c9befbabd80dc206c35561be271"},
    {file = "Pillow-8.0.1-cp38-cp38-win_amd64.whl", hash = "sha256:cc9ec588c6ef3a1325fa032ec14d97b7309db493782ea8c304666fb10c3bd9a7"},
    {file = "Pillow-8.0.1-cp39-cp39-macosx_10_10_x86_64.whl", hash = "sha256:eb472586374dc66b31e36e14720747595c2b265ae962987261f044e5cce644b5"},
    {file = "Pillow-8.0.1-cp39-cp39-manylinux1_i686.whl", hash = "sha256:0eeeae397e5a79dc088d8297a4c2c6f901f8fb30db47795113a4a605d0f1e5ce"},
    {file = "Pillow-8.0.1-cp39-cp39-manylinux1_x86_64.whl", hash = "sha256:81f812d8f5e8a09b246515fac141e9d10113229bc33ea073fec11403b016bcf3"},
    {file = "Pillow-8.0.1-cp39-cp39-manylinux2014_aarch64.whl", hash = "sha256:895d54c0ddc78a478c80f9c438579ac15f3e27bf442c2a9aa74d41d0e4d12544"},
    {file = "Pillow-8.0.1-cp39-cp39-win32.whl", hash = "sha256:2fb113757a369a6cdb189f8df3226e995acfed0a8919a72416626af1a0a71140"},
    {file = "Pillow-8.0.1-cp39-cp39-win_amd64.whl", hash = "sha256:59e903ca800c8cfd1ebe482349ec7c35687b95e98cefae213e271c8c7fffa021"},
    {file = "Pillow-8.0.1-pp36-pypy36_pp73-macosx_10_10_x86_64.whl", hash = "sha256:5abd653a23c35d980b332bc0431d39663b1709d64142e3652890df4c9b6970f6"},
    {file = "Pillow-8.0.1-pp36-pypy36_pp73-manylinux2010_x86_64.whl", hash = "sha256:4b0ef2470c4979e345e4e0cc1bbac65fda11d0d7b789dbac035e4c6ce3f98adb"},
    {file = "Pillow-8.0.1-pp37-pypy37_pp73-win32.whl", hash = "sha256:8de332053707c80963b589b22f8e0229f1be1f3ca862a932c1bcd48dafb18dd8"},
    {file = "Pillow-8.0.1.tar.gz", hash = "sha256:11c5c6e9b02c9dac08af04f093eb5a2f84857df70a7d4a6a6ad461aca803fb9e"},
]
pytz = [
    {file = "pytz-2020.4-py2.py3-none-any.whl", hash = "sha256:5c55e189b682d420be27c6995ba6edce0c0a77dd67bfbe2ae6607134d5851ffd"},
    {file = "pytz-2020.4.tar.gz", hash = "sha256:3e6b7dd2d1e0a59084bcee14a17af60c5c562cdc16d828e8eba2e683d3a7e268"},
]
reportlab = [
    {file = "reportlab-3.5.56-cp27-cp27m-macosx_10_9_x86_64.whl", hash = "sha256:368c5b3fc3d5a541cb9dcacefa563fdb445365f517e3cbf64b4326631d1cf13c"},
    {file = "reportlab-3.5.56-cp27-cp27m-manylinux1_i686.whl", hash = "sha256:1ea7c388e91ad9d823655ad6a13751ff67e8a0e7cf4065cf051b4c931cdd9450"},
    {file = "reportlab-3.5.56-cp27-cp27m-manylinux1_x86_64.whl", hash = "sha256:0fd568fa5615ae99f76289c52ff230207852ee942d4934f6c893c93d2a79544e"},
    {file = "reportlab-3.5.56-cp27-cp27m-manylinux2010_i686.whl", hash = "sha256:9c31c2526401da6cc92018f68483f2aac0a731cb98435445ea4b72d46b438c84"},
    {file = "reportlab-3.5.56-cp27-cp27m-manylinux2010_x86_64.whl", hash = "sha256:f65ac89ee0ba569f5279360eae08783f7f2e95c9810a9846c957fbd5950f4896"},
    {file = "reportlab-3.5.56-cp27-cp27m-win32.whl", hash = "sha256:6c5c8871b659f7c2975382d7b61f3c182701fa9eb62cf649c3c73ba8fc5e2595"},
    {file = "reportlab-3.5.56-cp27-cp27m-win_amd64.whl", hash = "sha256:80661a76d0019b5e2c315ccd3bc7093d754067d6142b36a3a0ec4f416073d23b"},
    {file = "reportlab-3.5.56-cp27-cp27mu-manylinux1_i686.whl", hash = "sha256:f39c7fc1fa2e4a1d9747a3effd70731a9d0e9eb5738247fa089c059eff19d43e"},
    {file = "reportlab-3.5.56-cp27-cp27mu-manylinux1_x86_64.whl", hash = "sha256:a79aab8d069543d5085d58260f18705a08acd92a4501a41261913fddc2137d46"},
    {file = "reportlab-3.5.56-cp27-cp27mu-manylinux2010_i686.whl", hash = "sha256:51c0cdcf606ded0a7b4b50050400f25125ea797fbfc3c817135993b38f8b764e"},
    {file = "reportlab-3.5.56-cp27-cp27mu-manylinux2010_x86_64.whl", hash = "sha256:80139ceb3a568f5be908094f1701fd05391b71425e8b69aaed0d30db647ca2aa"},
    {file = "reportlab-3.5.56-cp36-cp36m-macosx_10_9_x86_64.whl", hash = "sha256:f041759138b3a95508c4281b3db3bf9bb28636d84c554272a58a5ca7c9f9bbf4"},
    {file = "reportlab-3.5.56-cp36-cp36m-manylinux1_i686.whl", hash = "sha256:26c0ee8f62652cc7fcdc47a1cb3b34775a4d625738025c1a7edb8718bda5a315"},
    {file = "reportlab-3.5.56-cp36-cp36m-manylinux1_x86_64.whl", hash = "sha256:9e8ae1c3b8a1697147c5c97f00d66ab1c54d88c4615b0cdd9b1a667d7baf3eb7"},
    {file = "reportlab-3.5.56-cp36-cp36m-manylinux2010_i686.whl", hash = "sha256:b3d9926e64bd8008007b2d9819d7b30179b069ce95431d5060f71afc36885389"},
    {file = "reportlab-3.5.56-cp36-cp36m-manylinux2010_x86_64.whl", hash = "sha256:c2a9a77ce4f25ffb52d705be82a9f41b47f6b0da23870ebc3587709e7242da30"},
    {file = "reportlab-3.5.56-cp36-cp36m-win32.whl", hash = "sha256:85a2236f324ae336da7f4b183fa99bed261bcc00ac1255ee91a504e68b086d00"},
    {file = "reportlab-3.5.56-cp36-cp36m-win_amd64.whl", hash = "sha256:62234d29c97279917903e4587faf240a5dea4617be250db55386ff268eb5a7c5"},
    {file = "reportlab-3.5.56-cp37-cp37m-macosx_10_9_x86_64.whl", hash = "sha256:61aa89a00754b18c4f2956b8bff831f1fd3affef6476dc63462d92211941605e"},
    {file = "reportlab-3.5.56-cp37-cp37m-manylinux1_i686.whl", hash = "sha256:de47c65c10ac6f0d2addb28f1b1657b1c707aca014d09d01b3b728cf19e8f791"},
    {file = "reportlab-3.5.56-cp37-cp37m-manylinux1_x86_64.whl", hash = "sha256:0c965a5691686d746f558ee1c52aa9c63a01a0e13cba61ffc661573948e32f61"},
    {file = "reportlab-3.5.56-cp37-cp37m-manylinux2010_i686.whl", hash = "sha256:55c672c579618843e0fd00140fb71f1ffebc4f1c542ac385c4f4999f2f5398d9"},
    {file = "reportlab-3.5.56-cp37-cp37m-manylinux2010_x86_64.whl", hash = "sha256:0ad5a540c336941272fe161ef3a9830da3d4b3a65a195531cebd3cad5db58b2a"},
    {file = "reportlab-3.5.56-cp37-cp37m-win32.whl", hash = "sha256:c578dd0799f70fb577474cd383f035c6e1057e4fe837278113f9cfa6eee4b076"},
    {file = "reportlab-3.5.56-cp37-cp37m-win_amd64.whl", hash = "sha256:8a39119fcab146bde41fd1c6d148f9ee1e2cca10c6f9c2b7eb4dd710a3a2c6ac"},
    {file = "reportlab-3.5.56-cp38-cp38-macosx_10_9_x86_64.whl", hash = "sha256:e6e7592527791841db0820a72c6afae52655a05b0b6d4df184fd2bafe82ee1ee"},
    {file = "reportlab-3.5.56-cp38-cp38-manylinux1_i686.whl", hash = "sha256:89a3acd98bd4478d6bbc5cb32e0665ea546c98bff8b58d5e1014659daa6ef75a"},
    {file = "reportlab-3.5.56-cp38-cp38-manylinux1_x86_64.whl", hash = "sha256:e8a7e95ee6ea5566291b59ede5b9fadce809dca43ebfbfe11e3ff3d6492c6f0e"},
    {file = "reportlab-3.5.56-cp38-cp38-manylinux2010_i686.whl", hash = "sha256:1117d905a3404c696869c7aabec9454b43ed6acbbc73f9256c6fcea23e7ae93e"},
    {file = "reportlab-3.5.56-cp38-cp38-manylinux2010_x86_64.whl", hash = "sha256:c5abd9d0023ad20030524ab0d5fa39d77aed025519b1fa426304ab2dd0328b89"},
    {file = "reportlab-3.5.56-cp38-cp38-win32.whl", hash = "sha256:0008b5baa39d7e3a8132c4b47ecae88d6858ad386518e754e5e7b8025ee4722b"},
    {file = "reportlab-3.5.56-cp38-cp38-win_amd64.whl", hash = "sha256:451d42fdcdd7d84587d6d9c8f5d9a7d0e997305efb606705063ca1fe8bcca551"},
    {file = "reportlab-3.5.56-cp39-cp39-macosx_10_9_x86_64.whl", hash = "sha256:670f2a8dcc23bf798c39b95c64bf76ee387549b962f76783670821978a226663"},
    {file = "reportlab-3.5.56-cp39-cp39-manylinux1_i686.whl", hash = "sha256:5c34a96ecfbf595caf16178a06abcd26a5f8720e01fe1285d4c97333382cfaeb"},
    {file = "reportlab-3.5.56-cp39-cp39-manylinux1_x86_64.whl", hash = "sha256:d692fb88d6ef5e75242b00009b54953a0425eaa8bd3a36db9db8b396785e1f57"},
    {file = "reportlab-3.5.56-cp39-cp39-manylinux2010_i686.whl", hash = "sha256:69387f171f6c7b55109caa6d061b17a18f2f9e724a0212c07cd692aeb369dd19"},
    {file = "reportlab-3.5.56-cp39-cp39-manylinux2010_x86_64.whl", hash = "sha256:d70c2104286459658e61388af9eee838b612986bd8a36e1d21ba36152983ac15"},
    {file = "reportlab-3.5.56-cp39-cp39-win32.whl", hash = "sha256:47394acba4da8e56ef8e55d8eb483b868521696ba49ab0f0fcf8a1a4a5ac6e49"},
    {file = "reportlab-3.5.56-cp39-cp39-win_amd64.whl", hash = "sha256:ced96125525ba21311e9512adf391170b9e149f89e27e45b06ff07b70f97a0b2"},
    {file = "reportlab-3.5.56.tar.gz", hash = "sha256:51b16e297f7b937fc530dd151e4b38f1d305b01c9aa10657bc32a5d2901b8ad7"},
]
six = [
    {file = "six-1.15.0-py2.py3-none-any.whl", hash = "sha256:8b74bedcbbbaca38ff6d7491d76f2b06b3592611af620f8426e82dddb04a5ced"},
    {file = "six-1.15.0.tar.gz", hash = "sha256:30639c035cdb23534cd4aa2dd52c3bf48f06e5f4a941509c8bafd8ce11080259"},
]
sqlparse = [
    {file = "sqlparse-0.4.1-py3-none-any.whl", hash = "sha256:017cde379adbd6a1f15a61873f43e8274179378e95ef3fede90b5aa64d304ed0"},
    {file = "sqlparse-0.4.1.tar.gz", hash = "sha256:0f91fd2e829c44362cbcfab3e9ae12e22badaa8a29ad5ff599f9ec109f0454e8"},
]
